PODS:
  - APIKit (5.3.0)
  - Swinject (2.8.2)

DEPENDENCIES:
  - APIKit
  - Swinject

SPEC REPOS:
  trunk:
    - APIKit
    - Swinject

SPEC CHECKSUMS:
  APIKit: f9b21088bf1575a226e815a62bb6e5ed36fb7fe3
  Swinject: b4a11b31992e8668308dc594ba1cb9b3164a37ab

PODFILE CHECKSUM: 94ebd63c79ff0e5b1e8f445d91faa83be0418f95

COCOAPODS: 1.10.2
