PODS:
  - APIKit (5.3.0)
  - Swinject (2.8.2)

DEPENDENCIES:
  - APIKit
  - Swinject

SPEC REPOS:
  trunk:
    - APIKit
    - Swinject

SPEC CHECKSUMS:
  APIKit: f9b21088bf1575a226e815a62bb6e5ed36fb7fe3
  Swinject: b4a11b31992e8668308dc594ba1cb9b3164a37ab

PODFILE CHECKSUM: 9b9d75f007f69b7431ccd11606cf5137df47e268

COCOAPODS: 1.10.2
