// !$*UTF8*$!
{
	archiveVersion = 1;
	classes = {
	};
	objectVersion = 56;
	objects = {

/* Begin PBXBuildFile section */
		26896DFC28CEA22C002A4B89 /* AppDelegate.swift in Sources */ = {isa = PBXBuildFile; fileRef = 26896DFB28CEA22C002A4B89 /* AppDelegate.swift */; };
		26896DFE28CEA22C002A4B89 /* SceneDelegate.swift in Sources */ = {isa = PBXBuildFile; fileRef = 26896DFD28CEA22C002A4B89 /* SceneDelegate.swift */; };
		26896E0028CEA22C002A4B89 /* ViewController.swift in Sources */ = {isa = PBXBuildFile; fileRef = 26896DFF28CEA22C002A4B89 /* ViewController.swift */; };
		26896E0328CEA22C002A4B89 /* Main.storyboard in Resources */ = {isa = PBXBuildFile; fileRef = 26896E0128CEA22C002A4B89 /* Main.storyboard */; };
		26896E0528CEA22D002A4B89 /* Assets.xcassets in Resources */ = {isa = PBXBuildFile; fileRef = 26896E0428CEA22D002A4B89 /* Assets.xcassets */; };
		26896E0828CEA22D002A4B89 /* LaunchScreen.storyboard in Resources */ = {isa = PBXBuildFile; fileRef = 26896E0628CEA22D002A4B89 /* LaunchScreen.storyboard */; };
		26896E1328CEA22D002A4B89 /* TestAbstractionTests.swift in Sources */ = {isa = PBXBuildFile; fileRef = 26896E1228CEA22D002A4B89 /* TestAbstractionTests.swift */; };
		26896E1D28CEA22D002A4B89 /* TestAbstractionUITests.swift in Sources */ = {isa = PBXBuildFile; fileRef = 26896E1C28CEA22D002A4B89 /* TestAbstractionUITests.swift */; };
		26896E1F28CEA22D002A4B89 /* TestAbstractionUITestsLaunchTests.swift in Sources */ = {isa = PBXBuildFile; fileRef = 26896E1E28CEA22D002A4B89 /* TestAbstractionUITestsLaunchTests.swift */; };
/* End PBXBuildFile section */

/* Begin PBXContainerItemProxy section */
		26896E0F28CEA22D002A4B89 /* PBXContainerItemProxy */ = {
			isa = PBXContainerItemProxy;
			containerPortal = 26896DF028CEA22C002A4B89 /* Project object */;
			proxyType = 1;
			remoteGlobalIDString = 26896DF728CEA22C002A4B89;
			remoteInfo = TestAbstraction;
		};
		26896E1928CEA22D002A4B89 /* PBXContainerItemProxy */ = {
			isa = PBXContainerItemProxy;
			containerPortal = 26896DF028CEA22C002A4B89 /* Project object */;
			proxyType = 1;
			remoteGlobalIDString = 26896DF728CEA22C002A4B89;
			remoteInfo = TestAbstraction;
		};
/* End PBXContainerItemProxy section */

/* Begin PBXFileReference section */
		26896DF828CEA22C002A4B89 /* TestAbstraction.app */ = {isa = PBXFileReference; explicitFileType = wrapper.application; includeInIndex = 0; path = TestAbstraction.app; sourceTree = BUILT_PRODUCTS_DIR; };
		26896DFB28CEA22C002A4B89 /* AppDelegate.swift */ = {isa = PBXFileReference; lastKnownFileType = sourcecode.swift; path = AppDelegate.swift; sourceTree = "<group>"; };
		26896DFD28CEA22C002A4B89 /* SceneDelegate.swift */ = {isa = PBXFileReference; lastKnownFileType = sourcecode.swift; path = SceneDelegate.swift; sourceTree = "<group>"; };
		26896DFF28CEA22C002A4B89 /* ViewController.swift */ = {isa = PBXFileReference; lastKnownFileType = sourcecode.swift; path = ViewController.swift; sourceTree = "<group>"; };
		26896E0228CEA22C002A4B89 /* Base */ = {isa = PBXFileReference; lastKnownFileType = file.storyboard; name = Base; path = Base.lproj/Main.storyboard; sourceTree = "<group>"; };
		26896E0428CEA22D002A4B89 /* Assets.xcassets */ = {isa = PBXFileReference; lastKnownFileType = folder.assetcatalog; path = Assets.xcassets; sourceTree = "<group>"; };
		26896E0728CEA22D002A4B89 /* Base */ = {isa = PBXFileReference; lastKnownFileType = file.storyboard; name = Base; path = Base.lproj/LaunchScreen.storyboard; sourceTree = "<group>"; };
		26896E0928CEA22D002A4B89 /* Info.plist */ = {isa = PBXFileReference; lastKnownFileType = text.plist.xml; path = Info.plist; sourceTree = "<group>"; };
		26896E0E28CEA22D002A4B89 /* TestAbstractionTests.xctest */ = {isa = PBXFileReference; explicitFileType = wrapper.cfbundle; includeInIndex = 0; path = TestAbstractionTests.xctest; sourceTree = BUILT_PRODUCTS_DIR; };
		26896E1228CEA22D002A4B89 /* TestAbstractionTests.swift */ = {isa = PBXFileReference; lastKnownFileType = sourcecode.swift; path = TestAbstractionTests.swift; sourceTree = "<group>"; };
		26896E1828CEA22D002A4B89 /* TestAbstractionUITests.xctest */ = {isa = PBXFileReference; explicitFileType = wrapper.cfbundle; includeInIndex = 0; path = TestAbstractionUITests.xctest; sourceTree = BUILT_PRODUCTS_DIR; };
		26896E1C28CEA22D002A4B89 /* TestAbstractionUITests.swift */ = {isa = PBXFileReference; lastKnownFileType = sourcecode.swift; path = TestAbstractionUITests.swift; sourceTree = "<group>"; };
		26896E1E28CEA22D002A4B89 /* TestAbstractionUITestsLaunchTests.swift */ = {isa = PBXFileReference; lastKnownFileType = sourcecode.swift; path = TestAbstractionUITestsLaunchTests.swift; sourceTree = "<group>"; };
/* End PBXFileReference section */

/* Begin PBXFrameworksBuildPhase section */
		26896DF528CEA22C002A4B89 /* Frameworks */ = {
			isa = PBXFrameworksBuildPhase;
			buildActionMask = 2147483647;
			files = (
			);
			runOnlyForDeploymentPostprocessing = 0;
		};
		26896E0B28CEA22D002A4B89 /* Frameworks */ = {
			isa = PBXFrameworksBuildPhase;
			buildActionMask = 2147483647;
			files = (
			);
			runOnlyForDeploymentPostprocessing = 0;
		};
		26896E1528CEA22D002A4B89 /* Frameworks */ = {
			isa = PBXFrameworksBuildPhase;
			buildActionMask = 2147483647;
			files = (
			);
			runOnlyForDeploymentPostprocessing = 0;
		};
/* End PBXFrameworksBuildPhase section */

/* Begin PBXGroup section */
		26896DEF28CEA22C002A4B89 = {
			isa = PBXGroup;
			children = (
				26896DFA28CEA22C002A4B89 /* TestAbstraction */,
				26896E1128CEA22D002A4B89 /* TestAbstractionTests */,
				26896E1B28CEA22D002A4B89 /* TestAbstractionUITests */,
				26896DF928CEA22C002A4B89 /* Products */,
			);
			sourceTree = "<group>";
		};
		26896DF928CEA22C002A4B89 /* Products */ = {
			isa = PBXGroup;
			children = (
				26896DF828CEA22C002A4B89 /* TestAbstraction.app */,
				26896E0E28CEA22D002A4B89 /* TestAbstractionTests.xctest */,
				26896E1828CEA22D002A4B89 /* TestAbstractionUITests.xctest */,
			);
			name = Products;
			sourceTree = "<group>";
		};
		26896DFA28CEA22C002A4B89 /* TestAbstraction */ = {
			isa = PBXGroup;
			children = (
				26896DFB28CEA22C002A4B89 /* AppDelegate.swift */,
				26896DFD28CEA22C002A4B89 /* SceneDelegate.swift */,
				26896DFF28CEA22C002A4B89 /* ViewController.swift */,
				26896E0128CEA22C002A4B89 /* Main.storyboard */,
				26896E0428CEA22D002A4B89 /* Assets.xcassets */,
				26896E0628CEA22D002A4B89 /* LaunchScreen.storyboard */,
				26896E0928CEA22D002A4B89 /* Info.plist */,
			);
			path = TestAbstraction;
			sourceTree = "<group>";
		};
		26896E1128CEA22D002A4B89 /* TestAbstractionTests */ = {
			isa = PBXGroup;
			children = (
				26896E1228CEA22D002A4B89 /* TestAbstractionTests.swift */,
			);
			path = TestAbstractionTests;
			sourceTree = "<group>";
		};
		26896E1B28CEA22D002A4B89 /* TestAbstractionUITests */ = {
			isa = PBXGroup;
			children = (
				26896E1C28CEA22D002A4B89 /* TestAbstractionUITests.swift */,
				26896E1E28CEA22D002A4B89 /* TestAbstractionUITestsLaunchTests.swift */,
			);
			path = TestAbstractionUITests;
			sourceTree = "<group>";
		};
/* End PBXGroup section */

/* Begin PBXNativeTarget section */
		26896DF728CEA22C002A4B89 /* TestAbstraction */ = {
			isa = PBXNativeTarget;
			buildConfigurationList = 26896E2228CEA22D002A4B89 /* Build configuration list for PBXNativeTarget "TestAbstraction" */;
			buildPhases = (
				26896DF428CEA22C002A4B89 /* Sources */,
				26896DF528CEA22C002A4B89 /* Frameworks */,
				26896DF628CEA22C002A4B89 /* Resources */,
			);
			buildRules = (
			);
			dependencies = (
			);
			name = TestAbstraction;
			productName = TestAbstraction;
			productReference = 26896DF828CEA22C002A4B89 /* TestAbstraction.app */;
			productType = "com.apple.product-type.application";
		};
		26896E0D28CEA22D002A4B89 /* TestAbstractionTests */ = {
			isa = PBXNativeTarget;
			buildConfigurationList = 26896E2528CEA22D002A4B89 /* Build configuration list for PBXNativeTarget "TestAbstractionTests" */;
			buildPhases = (
				26896E0A28CEA22D002A4B89 /* Sources */,
				26896E0B28CEA22D002A4B89 /* Frameworks */,
				26896E0C28CEA22D002A4B89 /* Resources */,
			);
			buildRules = (
			);
			dependencies = (
				26896E1028CEA22D002A4B89 /* PBXTargetDependency */,
			);
			name = TestAbstractionTests;
			productName = TestAbstractionTests;
			productReference = 26896E0E28CEA22D002A4B89 /* TestAbstractionTests.xctest */;
			productType = "com.apple.product-type.bundle.unit-test";
		};
		26896E1728CEA22D002A4B89 /* TestAbstractionUITests */ = {
			isa = PBXNativeTarget;
			buildConfigurationList = 26896E2828CEA22D002A4B89 /* Build configuration list for PBXNativeTarget "TestAbstractionUITests" */;
			buildPhases = (
				26896E1428CEA22D002A4B89 /* Sources */,
				26896E1528CEA22D002A4B89 /* Frameworks */,
				26896E1628CEA22D002A4B89 /* Resources */,
			);
			buildRules = (
			);
			dependencies = (
				26896E1A28CEA22D002A4B89 /* PBXTargetDependency */,
			);
			name = TestAbstractionUITests;
			productName = TestAbstractionUITests;
			productReference = 26896E1828CEA22D002A4B89 /* TestAbstractionUITests.xctest */;
			productType = "com.apple.product-type.bundle.ui-testing";
		};
/* End PBXNativeTarget section */

/* Begin PBXProject section */
		26896DF028CEA22C002A4B89 /* Project object */ = {
			isa = PBXProject;
			attributes = {
				BuildIndependentTargetsInParallel = 1;
				LastSwiftUpdateCheck = 1400;
				LastUpgradeCheck = 1400;
				TargetAttributes = {
					26896DF728CEA22C002A4B89 = {
						CreatedOnToolsVersion = 14.0;
					};
					26896E0D28CEA22D002A4B89 = {
						CreatedOnToolsVersion = 14.0;
						TestTargetID = 26896DF728CEA22C002A4B89;
					};
					26896E1728CEA22D002A4B89 = {
						CreatedOnToolsVersion = 14.0;
						TestTargetID = 26896DF728CEA22C002A4B89;
					};
				};
			};
			buildConfigurationList = 26896DF328CEA22C002A4B89 /* Build configuration list for PBXProject "TestAbstraction" */;
			compatibilityVersion = "Xcode 14.0";
			developmentRegion = en;
			hasScannedForEncodings = 0;
			knownRegions = (
				en,
				Base,
			);
			mainGroup = 26896DEF28CEA22C002A4B89;
			productRefGroup = 26896DF928CEA22C002A4B89 /* Products */;
			projectDirPath = "";
			projectRoot = "";
			targets = (
				26896DF728CEA22C002A4B89 /* TestAbstraction */,
				26896E0D28CEA22D002A4B89 /* TestAbstractionTests */,
				26896E1728CEA22D002A4B89 /* TestAbstractionUITests */,
			);
		};
/* End PBXProject section */

/* Begin PBXResourcesBuildPhase section */
		26896DF628CEA22C002A4B89 /* Resources */ = {
			isa = PBXResourcesBuildPhase;
			buildActionMask = 2147483647;
			files = (
				26896E0828CEA22D002A4B89 /* LaunchScreen.storyboard in Resources */,
				26896E0528CEA22D002A4B89 /* Assets.xcassets in Resources */,
				26896E0328CEA22C002A4B89 /* Main.storyboard in Resources */,
			);
			runOnlyForDeploymentPostprocessing = 0;
		};
		26896E0C28CEA22D002A4B89 /* Resources */ = {
			isa = PBXResourcesBuildPhase;
			buildActionMask = 2147483647;
			files = (
			);
			runOnlyForDeploymentPostprocessing = 0;
		};
		26896E1628CEA22D002A4B89 /* Resources */ = {
			isa = PBXResourcesBuildPhase;
			buildActionMask = 2147483647;
			files = (
			);
			runOnlyForDeploymentPostprocessing = 0;
		};
/* End PBXResourcesBuildPhase section */

/* Begin PBXSourcesBuildPhase section */
		26896DF428CEA22C002A4B89 /* Sources */ = {
			isa = PBXSourcesBuildPhase;
			buildActionMask = 2147483647;
			files = (
				26896E0028CEA22C002A4B89 /* ViewController.swift in Sources */,
				26896DFC28CEA22C002A4B89 /* AppDelegate.swift in Sources */,
				26896DFE28CEA22C002A4B89 /* SceneDelegate.swift in Sources */,
			);
			runOnlyForDeploymentPostprocessing = 0;
		};
		26896E0A28CEA22D002A4B89 /* Sources */ = {
			isa = PBXSourcesBuildPhase;
			buildActionMask = 2147483647;
			files = (
				26896E1328CEA22D002A4B89 /* TestAbstractionTests.swift in Sources */,
			);
			runOnlyForDeploymentPostprocessing = 0;
		};
		26896E1428CEA22D002A4B89 /* Sources */ = {
			isa = PBXSourcesBuildPhase;
			buildActionMask = 2147483647;
			files = (
				26896E1D28CEA22D002A4B89 /* TestAbstractionUITests.swift in Sources */,
				26896E1F28CEA22D002A4B89 /* TestAbstractionUITestsLaunchTests.swift in Sources */,
			);
			runOnlyForDeploymentPostprocessing = 0;
		};
/* End PBXSourcesBuildPhase section */

/* Begin PBXTargetDependency section */
		26896E1028CEA22D002A4B89 /* PBXTargetDependency */ = {
			isa = PBXTargetDependency;
			target = 26896DF728CEA22C002A4B89 /* TestAbstraction */;
			targetProxy = 26896E0F28CEA22D002A4B89 /* PBXContainerItemProxy */;
		};
		26896E1A28CEA22D002A4B89 /* PBXTargetDependency */ = {
			isa = PBXTargetDependency;
			target = 26896DF728CEA22C002A4B89 /* TestAbstraction */;
			targetProxy = 26896E1928CEA22D002A4B89 /* PBXContainerItemProxy */;
		};
/* End PBXTargetDependency section */

/* Begin PBXVariantGroup section */
		26896E0128CEA22C002A4B89 /* Main.storyboard */ = {
			isa = PBXVariantGroup;
			children = (
				26896E0228CEA22C002A4B89 /* Base */,
			);
			name = Main.storyboard;
			sourceTree = "<group>";
		};
		26896E0628CEA22D002A4B89 /* LaunchScreen.storyboard */ = {
			isa = PBXVariantGroup;
			children = (
				26896E0728CEA22D002A4B89 /* Base */,
			);
			name = LaunchScreen.storyboard;
			sourceTree = "<group>";
		};
/* End PBXVariantGroup section */

/* Begin XCBuildConfiguration section */
		26896E2028CEA22D002A4B89 /* Debug */ = {
			isa = XCBuildConfiguration;
			buildSettings = {
				ALWAYS_SEARCH_USER_PATHS = NO;
				CLANG_ANALYZER_NONNULL = YES;
				CLANG_ANALYZER_NUMBER_OBJECT_CONVERSION = YES_AGGRESSIVE;
				CLANG_CXX_LANGUAGE_STANDARD = "gnu++20";
				CLANG_ENABLE_MODULES = YES;
				CLANG_ENABLE_OBJC_ARC = YES;
				CLANG_ENABLE_OBJC_WEAK = YES;
				CLANG_WARN_BLOCK_CAPTURE_AUTORELEASING = YES;
				CLANG_WARN_BOOL_CONVERSION = YES;
				CLANG_WARN_COMMA = YES;
				CLANG_WARN_CONSTANT_CONVERSION = YES;
				CLANG_WARN_DEPRECATED_OBJC_IMPLEMENTATIONS = YES;
				CLANG_WARN_DIRECT_OBJC_ISA_USAGE = YES_ERROR;
				CLANG_WARN_DOCUMENTATION_COMMENTS = YES;
				CLANG_WARN_EMPTY_BODY = YES;
				CLANG_WARN_ENUM_CONVERSION = YES;
				CLANG_WARN_INFINITE_RECURSION = YES;
				CLANG_WARN_INT_CONVERSION = YES;
				CLANG_WARN_NON_LITERAL_NULL_CONVERSION = YES;
				CLANG_WARN_OBJC_IMPLICIT_RETAIN_SELF = YES;
				CLANG_WARN_OBJC_LITERAL_CONVERSION = YES;
				CLANG_WARN_OBJC_ROOT_CLASS = YES_ERROR;
				CLANG_WARN_QUOTED_INCLUDE_IN_FRAMEWORK_HEADER = YES;
				CLANG_WARN_RANGE_LOOP_ANALYSIS = YES;
				CLANG_WARN_STRICT_PROTOTYPES = YES;
				CLANG_WARN_SUSPICIOUS_MOVE = YES;
				CLANG_WARN_UNGUARDED_AVAILABILITY = YES_AGGRESSIVE;
				CLANG_WARN_UNREACHABLE_CODE = YES;
				CLANG_WARN__DUPLICATE_METHOD_MATCH = YES;
				COPY_PHASE_STRIP = NO;
				DEBUG_INFORMATION_FORMAT = dwarf;
				ENABLE_STRICT_OBJC_MSGSEND = YES;
				ENABLE_TESTABILITY = YES;
				GCC_C_LANGUAGE_STANDARD = gnu11;
				GCC_DYNAMIC_NO_PIC = NO;
				GCC_NO_COMMON_BLOCKS = YES;
				GCC_OPTIMIZATION_LEVEL = 0;
				GCC_PREPROCESSOR_DEFINITIONS = (
					"DEBUG=1",
					"$(inherited)",
				);
				GCC_WARN_64_TO_32_BIT_CONVERSION = YES;
				GCC_WARN_ABOUT_RETURN_TYPE = YES_ERROR;
				GCC_WARN_UNDECLARED_SELECTOR = YES;
				GCC_WARN_UNINITIALIZED_AUTOS = YES_AGGRESSIVE;
				GCC_WARN_UNUSED_FUNCTION = YES;
				GCC_WARN_UNUSED_VARIABLE = YES;
				IPHONEOS_DEPLOYMENT_TARGET = 16.0;
				MTL_ENABLE_DEBUG_INFO = INCLUDE_SOURCE;
				MTL_FAST_MATH = YES;
				ONLY_ACTIVE_ARCH = YES;
				SDKROOT = iphoneos;
				SWIFT_ACTIVE_COMPILATION_CONDITIONS = DEBUG;
				SWIFT_OPTIMIZATION_LEVEL = "-Onone";
			};
			name = Debug;
		};
		26896E2128CEA22D002A4B89 /* Release */ = {
			isa = XCBuildConfiguration;
			buildSettings = {
				ALWAYS_SEARCH_USER_PATHS = NO;
				CLANG_ANALYZER_NONNULL = YES;
				CLANG_ANALYZER_NUMBER_OBJECT_CONVERSION = YES_AGGRESSIVE;
				CLANG_CXX_LANGUAGE_STANDARD = "gnu++20";
				CLANG_ENABLE_MODULES = YES;
				CLANG_ENABLE_OBJC_ARC = YES;
				CLANG_ENABLE_OBJC_WEAK = YES;
				CLANG_WARN_BLOCK_CAPTURE_AUTORELEASING = YES;
				CLANG_WARN_BOOL_CONVERSION = YES;
				CLANG_WARN_COMMA = YES;
				CLANG_WARN_CONSTANT_CONVERSION = YES;
				CLANG_WARN_DEPRECATED_OBJC_IMPLEMENTATIONS = YES;
				CLANG_WARN_DIRECT_OBJC_ISA_USAGE = YES_ERROR;
				CLANG_WARN_DOCUMENTATION_COMMENTS = YES;
				CLANG_WARN_EMPTY_BODY = YES;
				CLANG_WARN_ENUM_CONVERSION = YES;
				CLANG_WARN_INFINITE_RECURSION = YES;
				CLANG_WARN_INT_CONVERSION = YES;
				CLANG_WARN_NON_LITERAL_NULL_CONVERSION = YES;
				CLANG_WARN_OBJC_IMPLICIT_RETAIN_SELF = YES;
				CLANG_WARN_OBJC_LITERAL_CONVERSION = YES;
				CLANG_WARN_OBJC_ROOT_CLASS = YES_ERROR;
				CLANG_WARN_QUOTED_INCLUDE_IN_FRAMEWORK_HEADER = YES;
				CLANG_WARN_RANGE_LOOP_ANALYSIS = YES;
				CLANG_WARN_STRICT_PROTOTYPES = YES;
				CLANG_WARN_SUSPICIOUS_MOVE = YES;
				CLANG_WARN_UNGUARDED_AVAILABILITY = YES_AGGRESSIVE;
				CLANG_WARN_UNREACHABLE_CODE = YES;
				CLANG_WARN__DUPLICATE_METHOD_MATCH = YES;
				COPY_PHASE_STRIP = NO;
				DEBUG_INFORMATION_FORMAT = "dwarf-with-dsym";
				ENABLE_NS_ASSERTIONS = NO;
				ENABLE_STRICT_OBJC_MSGSEND = YES;
				GCC_C_LANGUAGE_STANDARD = gnu11;
				GCC_NO_COMMON_BLOCKS = YES;
				GCC_WARN_64_TO_32_BIT_CONVERSION = YES;
				GCC_WARN_ABOUT_RETURN_TYPE = YES_ERROR;
				GCC_WARN_UNDECLARED_SELECTOR = YES;
				GCC_WARN_UNINITIALIZED_AUTOS = YES_AGGRESSIVE;
				GCC_WARN_UNUSED_FUNCTION = YES;
				GCC_WARN_UNUSED_VARIABLE = YES;
				IPHONEOS_DEPLOYMENT_TARGET = 16.0;
				MTL_ENABLE_DEBUG_INFO = NO;
				MTL_FAST_MATH = YES;
				SDKROOT = iphoneos;
				SWIFT_COMPILATION_MODE = wholemodule;
				SWIFT_OPTIMIZATION_LEVEL = "-O";
				VALIDATE_PRODUCT = YES;
			};
			name = Release;
		};
		26896E2328CEA22D002A4B89 /* Debug */ = {
			isa = XCBuildConfiguration;
			buildSettings = {
				ASSETCATALOG_COMPILER_APPICON_NAME = AppIcon;
				ASSETCATALOG_COMPILER_GLOBAL_ACCENT_COLOR_NAME = AccentColor;
				CODE_SIGN_STYLE = Automatic;
				CURRENT_PROJECT_VERSION = 1;
				DEVELOPMENT_TEAM = 63488H7827;
				GENERATE_INFOPLIST_FILE = YES;
				INFOPLIST_FILE = TestAbstraction/Info.plist;
				INFOPLIST_KEY_UIApplicationSupportsIndirectInputEvents = YES;
				INFOPLIST_KEY_UILaunchStoryboardName = LaunchScreen;
				INFOPLIST_KEY_UIMainStoryboardFile = Main;
				INFOPLIST_KEY_UISupportedInterfaceOrientations_iPad = "UIInterfaceOrientationPortrait UIInterfaceOrientationPortraitUpsideDown UIInterfaceOrientationLandscapeLeft UIInterfaceOrientationLandscapeRight";
				INFOPLIST_KEY_UISupportedInterfaceOrientations_iPhone = "UIInterfaceOrientationPortrait UIInterfaceOrientationLandscapeLeft UIInterfaceOrientationLandscapeRight";
				LD_RUNPATH_SEARCH_PATHS = (
					"$(inherited)",
					"@executable_path/Frameworks",
				);
				MARKETING_VERSION = 1.0;
				PRODUCT_BUNDLE_IDENTIFIER = io.kalisoft.TestAbstraction;
				PRODUCT_NAME = "$(TARGET_NAME)";
				SWIFT_EMIT_LOC_STRINGS = YES;
				SWIFT_VERSION = 5.0;
				TARGETED_DEVICE_FAMILY = "1,2";
			};
			name = Debug;
		};
		26896E2428CEA22D002A4B89 /* Release */ = {
			isa = XCBuildConfiguration;
			buildSettings = {
				ASSETCATALOG_COMPILER_APPICON_NAME = AppIcon;
				ASSETCATALOG_COMPILER_GLOBAL_ACCENT_COLOR_NAME = AccentColor;
				CODE_SIGN_STYLE = Automatic;
				CURRENT_PROJECT_VERSION = 1;
				DEVELOPMENT_TEAM = 63488H7827;
				GENERATE_INFOPLIST_FILE = YES;
				INFOPLIST_FILE = TestAbstraction/Info.plist;
				INFOPLIST_KEY_UIApplicationSupportsIndirectInputEvents = YES;
				INFOPLIST_KEY_UILaunchStoryboardName = LaunchScreen;
				INFOPLIST_KEY_UIMainStoryboardFile = Main;
				INFOPLIST_KEY_UISupportedInterfaceOrientations_iPad = "UIInterfaceOrientationPortrait UIInterfaceOrientationPortraitUpsideDown UIInterfaceOrientationLandscapeLeft UIInterfaceOrientationLandscapeRight";
				INFOPLIST_KEY_UISupportedInterfaceOrientations_iPhone = "UIInterfaceOrientationPortrait UIInterfaceOrientationLandscapeLeft UIInterfaceOrientationLandscapeRight";
				LD_RUNPATH_SEARCH_PATHS = (
					"$(inherited)",
					"@executable_path/Frameworks",
				);
				MARKETING_VERSION = 1.0;
				PRODUCT_BUNDLE_IDENTIFIER = io.kalisoft.TestAbstraction;
				PRODUCT_NAME = "$(TARGET_NAME)";
				SWIFT_EMIT_LOC_STRINGS = YES;
				SWIFT_VERSION = 5.0;
				TARGETED_DEVICE_FAMILY = "1,2";
			};
			name = Release;
		};
		26896E2628CEA22D002A4B89 /* Debug */ = {
			isa = XCBuildConfiguration;
			buildSettings = {
				ALWAYS_EMBED_SWIFT_STANDARD_LIBRARIES = YES;
				BUNDLE_LOADER = "$(TEST_HOST)";
				CODE_SIGN_STYLE = Automatic;
				CURRENT_PROJECT_VERSION = 1;
				DEVELOPMENT_TEAM = 63488H7827;
				GENERATE_INFOPLIST_FILE = YES;
				IPHONEOS_DEPLOYMENT_TARGET = 16.0;
				MARKETING_VERSION = 1.0;
				PRODUCT_BUNDLE_IDENTIFIER = io.kalisoft.TestAbstractionTests;
				PRODUCT_NAME = "$(TARGET_NAME)";
				SWIFT_EMIT_LOC_STRINGS = NO;
				SWIFT_VERSION = 5.0;
				TARGETED_DEVICE_FAMILY = "1,2";
				TEST_HOST = "$(BUILT_PRODUCTS_DIR)/TestAbstraction.app/$(BUNDLE_EXECUTABLE_FOLDER_PATH)/TestAbstraction";
			};
			name = Debug;
		};
		26896E2728CEA22D002A4B89 /* Release */ = {
			isa = XCBuildConfiguration;
			buildSettings = {
				ALWAYS_EMBED_SWIFT_STANDARD_LIBRARIES = YES;
				BUNDLE_LOADER = "$(TEST_HOST)";
				CODE_SIGN_STYLE = Automatic;
				CURRENT_PROJECT_VERSION = 1;
				DEVELOPMENT_TEAM = 63488H7827;
				GENERATE_INFOPLIST_FILE = YES;
				IPHONEOS_DEPLOYMENT_TARGET = 16.0;
				MARKETING_VERSION = 1.0;
				PRODUCT_BUNDLE_IDENTIFIER = io.kalisoft.TestAbstractionTests;
				PRODUCT_NAME = "$(TARGET_NAME)";
				SWIFT_EMIT_LOC_STRINGS = NO;
				SWIFT_VERSION = 5.0;
				TARGETED_DEVICE_FAMILY = "1,2";
				TEST_HOST = "$(BUILT_PRODUCTS_DIR)/TestAbstraction.app/$(BUNDLE_EXECUTABLE_FOLDER_PATH)/TestAbstraction";
			};
			name = Release;
		};
		26896E2928CEA22D002A4B89 /* Debug */ = {
			isa = XCBuildConfiguration;
			buildSettings = {
				ALWAYS_EMBED_SWIFT_STANDARD_LIBRARIES = YES;
				CODE_SIGN_STYLE = Automatic;
				CURRENT_PROJECT_VERSION = 1;
				DEVELOPMENT_TEAM = 63488H7827;
				GENERATE_INFOPLIST_FILE = YES;
				MARKETING_VERSION = 1.0;
				PRODUCT_BUNDLE_IDENTIFIER = io.kalisoft.TestAbstractionUITests;
				PRODUCT_NAME = "$(TARGET_NAME)";
				SWIFT_EMIT_LOC_STRINGS = NO;
				SWIFT_VERSION = 5.0;
				TARGETED_DEVICE_FAMILY = "1,2";
				TEST_TARGET_NAME = TestAbstraction;
			};
			name = Debug;
		};
		26896E2A28CEA22D002A4B89 /* Release */ = {
			isa = XCBuildConfiguration;
			buildSettings = {
				ALWAYS_EMBED_SWIFT_STANDARD_LIBRARIES = YES;
				CODE_SIGN_STYLE = Automatic;
				CURRENT_PROJECT_VERSION = 1;
				DEVELOPMENT_TEAM = 63488H7827;
				GENERATE_INFOPLIST_FILE = YES;
				MARKETING_VERSION = 1.0;
				PRODUCT_BUNDLE_IDENTIFIER = io.kalisoft.TestAbstractionUITests;
				PRODUCT_NAME = "$(TARGET_NAME)";
				SWIFT_EMIT_LOC_STRINGS = NO;
				SWIFT_VERSION = 5.0;
				TARGETED_DEVICE_FAMILY = "1,2";
				TEST_TARGET_NAME = TestAbstraction;
			};
			name = Release;
		};
/* End XCBuildConfiguration section */

/* Begin XCConfigurationList section */
		26896DF328CEA22C002A4B89 /* Build configuration list for PBXProject "TestAbstraction" */ = {
			isa = XCConfigurationList;
			buildConfigurations = (
				26896E2028CEA22D002A4B89 /* Debug */,
				26896E2128CEA22D002A4B89 /* Release */,
			);
			defaultConfigurationIsVisible = 0;
			defaultConfigurationName = Release;
		};
		26896E2228CEA22D002A4B89 /* Build configuration list for PBXNativeTarget "TestAbstraction" */ = {
			isa = XCConfigurationList;
			buildConfigurations = (
				26896E2328CEA22D002A4B89 /* Debug */,
				26896E2428CEA22D002A4B89 /* Release */,
			);
			defaultConfigurationIsVisible = 0;
			defaultConfigurationName = Release;
		};
		26896E2528CEA22D002A4B89 /* Build configuration list for PBXNativeTarget "TestAbstractionTests" */ = {
			isa = XCConfigurationList;
			buildConfigurations = (
				26896E2628CEA22D002A4B89 /* Debug */,
				26896E2728CEA22D002A4B89 /* Release */,
			);
			defaultConfigurationIsVisible = 0;
			defaultConfigurationName = Release;
		};
		26896E2828CEA22D002A4B89 /* Build configuration list for PBXNativeTarget "TestAbstractionUITests" */ = {
			isa = XCConfigurationList;
			buildConfigurations = (
				26896E2928CEA22D002A4B89 /* Debug */,
				26896E2A28CEA22D002A4B89 /* Release */,
			);
			defaultConfigurationIsVisible = 0;
			defaultConfigurationName = Release;
		};
/* End XCConfigurationList section */
	};
	rootObject = 26896DF028CEA22C002A4B89 /* Project object */;
}
