// !$*UTF8*$!
{
	archiveVersion = 1;
	classes = {
	};
	objectVersion = 56;
	objects = {

/* Begin PBXBuildFile section */
		261BA6C328D5146300582765 /* NetworkLogger.swift in Sources */ = {isa = PBXBuildFile; fileRef = 261BA6C228D5146300582765 /* NetworkLogger.swift */; };
		261BA6C528D514D000582765 /* ConfiguratorsAssembly.swift in Sources */ = {isa = PBXBuildFile; fileRef = 261BA6C428D514D000582765 /* ConfiguratorsAssembly.swift */; };
		261BA6C828D515BD00582765 /* ServerConfiguration.swift in Sources */ = {isa = PBXBuildFile; fileRef = 261BA6C728D515BD00582765 /* ServerConfiguration.swift */; };
		261BA6CA28D5164500582765 /* ConfiguratorsAssemblyTests.swift in Sources */ = {isa = PBXBuildFile; fileRef = 261BA6C928D5164500582765 /* ConfiguratorsAssemblyTests.swift */; };
		261BA6CC28D6343D00582765 /* Coordinator.swift in Sources */ = {isa = PBXBuildFile; fileRef = 261BA6CB28D6343D00582765 /* Coordinator.swift */; };
		261BA6D028D634DB00582765 /* Presentable.swift in Sources */ = {isa = PBXBuildFile; fileRef = 261BA6CF28D634DB00582765 /* Presentable.swift */; };
		261BA6D628F3699000582765 /* Router.swift in Sources */ = {isa = PBXBuildFile; fileRef = 261BA6D528F3699000582765 /* Router.swift */; };
		261BA6D928F36BEC00582765 /* NavigationConfiguration.swift in Sources */ = {isa = PBXBuildFile; fileRef = 261BA6D828F36BEC00582765 /* NavigationConfiguration.swift */; };
		26896DFC28CEA22C002A4B89 /* AppDelegate.swift in Sources */ = {isa = PBXBuildFile; fileRef = 26896DFB28CEA22C002A4B89 /* AppDelegate.swift */; };
		26896E0028CEA22C002A4B89 /* ViewController.swift in Sources */ = {isa = PBXBuildFile; fileRef = 26896DFF28CEA22C002A4B89 /* ViewController.swift */; };
		26896E0328CEA22C002A4B89 /* Main.storyboard in Resources */ = {isa = PBXBuildFile; fileRef = 26896E0128CEA22C002A4B89 /* Main.storyboard */; };
		26896E0528CEA22D002A4B89 /* Assets.xcassets in Resources */ = {isa = PBXBuildFile; fileRef = 26896E0428CEA22D002A4B89 /* Assets.xcassets */; };
		26896E0828CEA22D002A4B89 /* LaunchScreen.storyboard in Resources */ = {isa = PBXBuildFile; fileRef = 26896E0628CEA22D002A4B89 /* LaunchScreen.storyboard */; };
		26896E2C28CEA245002A4B89 /* TearDownTestCase.swift in Sources */ = {isa = PBXBuildFile; fileRef = 26896E2B28CEA245002A4B89 /* TearDownTestCase.swift */; };
		26896E2E28CEA27B002A4B89 /* TestCase.swift in Sources */ = {isa = PBXBuildFile; fileRef = 26896E2D28CEA27B002A4B89 /* TestCase.swift */; };
		26896E3028CEA2B0002A4B89 /* InjectableTestCase.swift in Sources */ = {isa = PBXBuildFile; fileRef = 26896E2F28CEA2B0002A4B89 /* InjectableTestCase.swift */; };
		26896E3228CEA2ED002A4B89 /* TestInjector.swift in Sources */ = {isa = PBXBuildFile; fileRef = 26896E3128CEA2ED002A4B89 /* TestInjector.swift */; };
		26896E3428CEA391002A4B89 /* AssemblableTestCase.swift in Sources */ = {isa = PBXBuildFile; fileRef = 26896E3328CEA391002A4B89 /* AssemblableTestCase.swift */; };
		26D77D9928CEA59700A32EA6 /* Assembly.swift in Sources */ = {isa = PBXBuildFile; fileRef = 26D77D9828CEA59700A32EA6 /* Assembly.swift */; };
		26D77D9B28CEA5BC00A32EA6 /* Injected.swift in Sources */ = {isa = PBXBuildFile; fileRef = 26D77D9A28CEA5BC00A32EA6 /* Injected.swift */; };
		26D77D9D28CEA5CE00A32EA6 /* Injector.swift in Sources */ = {isa = PBXBuildFile; fileRef = 26D77D9C28CEA5CE00A32EA6 /* Injector.swift */; };
		26D77D9F28CEA5E700A32EA6 /* Injector+Registrable.swift in Sources */ = {isa = PBXBuildFile; fileRef = 26D77D9E28CEA5E700A32EA6 /* Injector+Registrable.swift */; };
		26D77DA128CEA5FE00A32EA6 /* Injector+Resolvable.swift in Sources */ = {isa = PBXBuildFile; fileRef = 26D77DA028CEA5FE00A32EA6 /* Injector+Resolvable.swift */; };
		26D77DA428CEA62300A32EA6 /* Resolvable.swift in Sources */ = {isa = PBXBuildFile; fileRef = 26D77DA328CEA62300A32EA6 /* Resolvable.swift */; };
		26D77DA628CEA63400A32EA6 /* Registrable.swift in Sources */ = {isa = PBXBuildFile; fileRef = 26D77DA528CEA63400A32EA6 /* Registrable.swift */; };
		26D77DA828CEA6FE00A32EA6 /* IncludeCommandIdHeaderInterceptorTests+Assembly.swift in Sources */ = {isa = PBXBuildFile; fileRef = 26D77DA728CEA6FE00A32EA6 /* IncludeCommandIdHeaderInterceptorTests+Assembly.swift */; };
		26D77DAA28CEA70900A32EA6 /* IncludeCommandIdHeaderInterceptorTests.swift in Sources */ = {isa = PBXBuildFile; fileRef = 26D77DA928CEA70800A32EA6 /* IncludeCommandIdHeaderInterceptorTests.swift */; };
		26D77DAC28CEA77400A32EA6 /* URL+FromString.swift in Sources */ = {isa = PBXBuildFile; fileRef = 26D77DAB28CEA77400A32EA6 /* URL+FromString.swift */; };
		26D77DB128CEA7FE00A32EA6 /* HTTPHeader.swift in Sources */ = {isa = PBXBuildFile; fileRef = 26D77DB028CEA7FE00A32EA6 /* HTTPHeader.swift */; };
		26D77DB528CEA93F00A32EA6 /* IncludeCommandIdHeaderInterceptor.swift in Sources */ = {isa = PBXBuildFile; fileRef = 26D77DB428CEA93F00A32EA6 /* IncludeCommandIdHeaderInterceptor.swift */; };
		26D77DB728CEA95E00A32EA6 /* RequestInterceptor.swift in Sources */ = {isa = PBXBuildFile; fileRef = 26D77DB628CEA95E00A32EA6 /* RequestInterceptor.swift */; };
		26D77DB928CEAA3000A32EA6 /* TestAssembly.swift in Sources */ = {isa = PBXBuildFile; fileRef = 26D77DB828CEAA3000A32EA6 /* TestAssembly.swift */; };
		26D77DBC28CEAA9900A32EA6 /* TestsSessionsAssembly.swift in Sources */ = {isa = PBXBuildFile; fileRef = 26D77DBB28CEAA9900A32EA6 /* TestsSessionsAssembly.swift */; };
		26D77DC228CEABD200A32EA6 /* AppAssembly.swift in Sources */ = {isa = PBXBuildFile; fileRef = 26D77DC128CEABD200A32EA6 /* AppAssembly.swift */; };
		26D77DC428CEACC200A32EA6 /* main.swift in Sources */ = {isa = PBXBuildFile; fileRef = 26D77DC328CEACC200A32EA6 /* main.swift */; };
		26D77DC928CEAD2100A32EA6 /* AppConfigurator.swift in Sources */ = {isa = PBXBuildFile; fileRef = 26D77DC828CEAD2100A32EA6 /* AppConfigurator.swift */; };
		26D77DCB28CEAD6100A32EA6 /* AssembliesConfigurator.swift in Sources */ = {isa = PBXBuildFile; fileRef = 26D77DCA28CEAD6100A32EA6 /* AssembliesConfigurator.swift */; };
		26D77DCC28CEAE3200A32EA6 /* TestsAppDelegate.swift in Sources */ = {isa = PBXBuildFile; fileRef = 26D77DC528CEACDB00A32EA6 /* TestsAppDelegate.swift */; };
		26D77DCE28CEB03D00A32EA6 /* WindowBuilder.swift in Sources */ = {isa = PBXBuildFile; fileRef = 26D77DCD28CEB03D00A32EA6 /* WindowBuilder.swift */; };
		26FE926228D2624A00BB0BA6 /* BuildersAssembly.swift in Sources */ = {isa = PBXBuildFile; fileRef = 26FE926128D2624A00BB0BA6 /* BuildersAssembly.swift */; };
		26FE926628D2628B00BB0BA6 /* BuildersAssemblyTests.swift in Sources */ = {isa = PBXBuildFile; fileRef = 26FE926528D2628B00BB0BA6 /* BuildersAssemblyTests.swift */; };
		26FE926828D262BE00BB0BA6 /* AssemblyTests.swift in Sources */ = {isa = PBXBuildFile; fileRef = 26FE926728D262BE00BB0BA6 /* AssemblyTests.swift */; };
		6BCFD845BDF76C9157F2BE20 /* Pods_TestAbstractionTests.framework in Frameworks */ = {isa = PBXBuildFile; fileRef = 7C15ABE8B871C2F68C487CB0 /* Pods_TestAbstractionTests.framework */; };
		CC382C1F2E4C0B30370EC1CA /* Pods_TestAbstraction.framework in Frameworks */ = {isa = PBXBuildFile; fileRef = 6195378769D22935CAB57A99 /* Pods_TestAbstraction.framework */; };
/* End PBXBuildFile section */

/* Begin PBXContainerItemProxy section */
		26896E0F28CEA22D002A4B89 /* PBXContainerItemProxy */ = {
			isa = PBXContainerItemProxy;
			containerPortal = 26896DF028CEA22C002A4B89 /* Project object */;
			proxyType = 1;
			remoteGlobalIDString = 26896DF728CEA22C002A4B89;
			remoteInfo = TestAbstraction;
		};
/* End PBXContainerItemProxy section */

/* Begin PBXFileReference section */
		261BA6C228D5146300582765 /* NetworkLogger.swift */ = {isa = PBXFileReference; lastKnownFileType = sourcecode.swift; path = NetworkLogger.swift; sourceTree = "<group>"; };
		261BA6C428D514D000582765 /* ConfiguratorsAssembly.swift */ = {isa = PBXFileReference; lastKnownFileType = sourcecode.swift; path = ConfiguratorsAssembly.swift; sourceTree = "<group>"; };
		261BA6C728D515BD00582765 /* ServerConfiguration.swift */ = {isa = PBXFileReference; lastKnownFileType = sourcecode.swift; path = ServerConfiguration.swift; sourceTree = "<group>"; };
		261BA6C928D5164500582765 /* ConfiguratorsAssemblyTests.swift */ = {isa = PBXFileReference; lastKnownFileType = sourcecode.swift; path = ConfiguratorsAssemblyTests.swift; sourceTree = "<group>"; };
		261BA6CB28D6343D00582765 /* Coordinator.swift */ = {isa = PBXFileReference; lastKnownFileType = sourcecode.swift; path = Coordinator.swift; sourceTree = "<group>"; };
		261BA6CF28D634DB00582765 /* Presentable.swift */ = {isa = PBXFileReference; lastKnownFileType = sourcecode.swift; path = Presentable.swift; sourceTree = "<group>"; };
		261BA6D528F3699000582765 /* Router.swift */ = {isa = PBXFileReference; lastKnownFileType = sourcecode.swift; path = Router.swift; sourceTree = "<group>"; };
		261BA6D828F36BEC00582765 /* NavigationConfiguration.swift */ = {isa = PBXFileReference; lastKnownFileType = sourcecode.swift; path = NavigationConfiguration.swift; sourceTree = "<group>"; };
		26896DF828CEA22C002A4B89 /* TestAbstraction.app */ = {isa = PBXFileReference; explicitFileType = wrapper.application; includeInIndex = 0; path = TestAbstraction.app; sourceTree = BUILT_PRODUCTS_DIR; };
		26896DFB28CEA22C002A4B89 /* AppDelegate.swift */ = {isa = PBXFileReference; lastKnownFileType = sourcecode.swift; path = AppDelegate.swift; sourceTree = "<group>"; };
		26896DFF28CEA22C002A4B89 /* ViewController.swift */ = {isa = PBXFileReference; lastKnownFileType = sourcecode.swift; path = ViewController.swift; sourceTree = "<group>"; };
		26896E0228CEA22C002A4B89 /* Base */ = {isa = PBXFileReference; lastKnownFileType = file.storyboard; name = Base; path = Base.lproj/Main.storyboard; sourceTree = "<group>"; };
		26896E0428CEA22D002A4B89 /* Assets.xcassets */ = {isa = PBXFileReference; lastKnownFileType = folder.assetcatalog; path = Assets.xcassets; sourceTree = "<group>"; };
		26896E0728CEA22D002A4B89 /* Base */ = {isa = PBXFileReference; lastKnownFileType = file.storyboard; name = Base; path = Base.lproj/LaunchScreen.storyboard; sourceTree = "<group>"; };
		26896E0928CEA22D002A4B89 /* Info.plist */ = {isa = PBXFileReference; lastKnownFileType = text.plist.xml; path = Info.plist; sourceTree = "<group>"; };
		26896E0E28CEA22D002A4B89 /* TestAbstractionTests.xctest */ = {isa = PBXFileReference; explicitFileType = wrapper.cfbundle; includeInIndex = 0; path = TestAbstractionTests.xctest; sourceTree = BUILT_PRODUCTS_DIR; };
		26896E2B28CEA245002A4B89 /* TearDownTestCase.swift */ = {isa = PBXFileReference; lastKnownFileType = sourcecode.swift; path = TearDownTestCase.swift; sourceTree = "<group>"; };
		26896E2D28CEA27B002A4B89 /* TestCase.swift */ = {isa = PBXFileReference; lastKnownFileType = sourcecode.swift; path = TestCase.swift; sourceTree = "<group>"; };
		26896E2F28CEA2B0002A4B89 /* InjectableTestCase.swift */ = {isa = PBXFileReference; lastKnownFileType = sourcecode.swift; path = InjectableTestCase.swift; sourceTree = "<group>"; };
		26896E3128CEA2ED002A4B89 /* TestInjector.swift */ = {isa = PBXFileReference; lastKnownFileType = sourcecode.swift; path = TestInjector.swift; sourceTree = "<group>"; };
		26896E3328CEA391002A4B89 /* AssemblableTestCase.swift */ = {isa = PBXFileReference; lastKnownFileType = sourcecode.swift; path = AssemblableTestCase.swift; sourceTree = "<group>"; };
		26D77D9828CEA59700A32EA6 /* Assembly.swift */ = {isa = PBXFileReference; lastKnownFileType = sourcecode.swift; path = Assembly.swift; sourceTree = "<group>"; };
		26D77D9A28CEA5BC00A32EA6 /* Injected.swift */ = {isa = PBXFileReference; lastKnownFileType = sourcecode.swift; path = Injected.swift; sourceTree = "<group>"; };
		26D77D9C28CEA5CE00A32EA6 /* Injector.swift */ = {isa = PBXFileReference; lastKnownFileType = sourcecode.swift; path = Injector.swift; sourceTree = "<group>"; };
		26D77D9E28CEA5E700A32EA6 /* Injector+Registrable.swift */ = {isa = PBXFileReference; lastKnownFileType = sourcecode.swift; path = "Injector+Registrable.swift"; sourceTree = "<group>"; };
		26D77DA028CEA5FE00A32EA6 /* Injector+Resolvable.swift */ = {isa = PBXFileReference; lastKnownFileType = sourcecode.swift; path = "Injector+Resolvable.swift"; sourceTree = "<group>"; };
		26D77DA328CEA62300A32EA6 /* Resolvable.swift */ = {isa = PBXFileReference; lastKnownFileType = sourcecode.swift; path = Resolvable.swift; sourceTree = "<group>"; };
		26D77DA528CEA63400A32EA6 /* Registrable.swift */ = {isa = PBXFileReference; lastKnownFileType = sourcecode.swift; path = Registrable.swift; sourceTree = "<group>"; };
		26D77DA728CEA6FE00A32EA6 /* IncludeCommandIdHeaderInterceptorTests+Assembly.swift */ = {isa = PBXFileReference; lastKnownFileType = sourcecode.swift; path = "IncludeCommandIdHeaderInterceptorTests+Assembly.swift"; sourceTree = "<group>"; };
		26D77DA928CEA70800A32EA6 /* IncludeCommandIdHeaderInterceptorTests.swift */ = {isa = PBXFileReference; lastKnownFileType = sourcecode.swift; path = IncludeCommandIdHeaderInterceptorTests.swift; sourceTree = "<group>"; };
		26D77DAB28CEA77400A32EA6 /* URL+FromString.swift */ = {isa = PBXFileReference; lastKnownFileType = sourcecode.swift; path = "URL+FromString.swift"; sourceTree = "<group>"; };
		26D77DB028CEA7FE00A32EA6 /* HTTPHeader.swift */ = {isa = PBXFileReference; lastKnownFileType = sourcecode.swift; path = HTTPHeader.swift; sourceTree = "<group>"; };
		26D77DB428CEA93F00A32EA6 /* IncludeCommandIdHeaderInterceptor.swift */ = {isa = PBXFileReference; lastKnownFileType = sourcecode.swift; path = IncludeCommandIdHeaderInterceptor.swift; sourceTree = "<group>"; };
		26D77DB628CEA95E00A32EA6 /* RequestInterceptor.swift */ = {isa = PBXFileReference; lastKnownFileType = sourcecode.swift; path = RequestInterceptor.swift; sourceTree = "<group>"; };
		26D77DB828CEAA3000A32EA6 /* TestAssembly.swift */ = {isa = PBXFileReference; lastKnownFileType = sourcecode.swift; path = TestAssembly.swift; sourceTree = "<group>"; };
		26D77DBB28CEAA9900A32EA6 /* TestsSessionsAssembly.swift */ = {isa = PBXFileReference; lastKnownFileType = sourcecode.swift; path = TestsSessionsAssembly.swift; sourceTree = "<group>"; };
		26D77DC128CEABD200A32EA6 /* AppAssembly.swift */ = {isa = PBXFileReference; lastKnownFileType = sourcecode.swift; path = AppAssembly.swift; sourceTree = "<group>"; };
		26D77DC328CEACC200A32EA6 /* main.swift */ = {isa = PBXFileReference; lastKnownFileType = sourcecode.swift; path = main.swift; sourceTree = "<group>"; };
		26D77DC528CEACDB00A32EA6 /* TestsAppDelegate.swift */ = {isa = PBXFileReference; lastKnownFileType = sourcecode.swift; path = TestsAppDelegate.swift; sourceTree = "<group>"; };
		26D77DC828CEAD2100A32EA6 /* AppConfigurator.swift */ = {isa = PBXFileReference; lastKnownFileType = sourcecode.swift; path = AppConfigurator.swift; sourceTree = "<group>"; };
		26D77DCA28CEAD6100A32EA6 /* AssembliesConfigurator.swift */ = {isa = PBXFileReference; lastKnownFileType = sourcecode.swift; path = AssembliesConfigurator.swift; sourceTree = "<group>"; };
		26D77DCD28CEB03D00A32EA6 /* WindowBuilder.swift */ = {isa = PBXFileReference; lastKnownFileType = sourcecode.swift; path = WindowBuilder.swift; sourceTree = "<group>"; };
		26FE926128D2624A00BB0BA6 /* BuildersAssembly.swift */ = {isa = PBXFileReference; lastKnownFileType = sourcecode.swift; path = BuildersAssembly.swift; sourceTree = "<group>"; };
		26FE926528D2628B00BB0BA6 /* BuildersAssemblyTests.swift */ = {isa = PBXFileReference; lastKnownFileType = sourcecode.swift; path = BuildersAssemblyTests.swift; sourceTree = "<group>"; };
		26FE926728D262BE00BB0BA6 /* AssemblyTests.swift */ = {isa = PBXFileReference; lastKnownFileType = sourcecode.swift; path = AssemblyTests.swift; sourceTree = "<group>"; };
		35A0A26FD7A4BA96442F2513 /* Pods-TestAbstractionTests.debug.xcconfig */ = {isa = PBXFileReference; includeInIndex = 1; lastKnownFileType = text.xcconfig; name = "Pods-TestAbstractionTests.debug.xcconfig"; path = "Target Support Files/Pods-TestAbstractionTests/Pods-TestAbstractionTests.debug.xcconfig"; sourceTree = "<group>"; };
		389F882DA342F122321638AA /* Pods-TestAbstraction-TestAbstractionUITests.debug.xcconfig */ = {isa = PBXFileReference; includeInIndex = 1; lastKnownFileType = text.xcconfig; name = "Pods-TestAbstraction-TestAbstractionUITests.debug.xcconfig"; path = "Target Support Files/Pods-TestAbstraction-TestAbstractionUITests/Pods-TestAbstraction-TestAbstractionUITests.debug.xcconfig"; sourceTree = "<group>"; };
		46529CD0D4A48BC37EC2BA1F /* Pods-TestAbstractionTests.release.xcconfig */ = {isa = PBXFileReference; includeInIndex = 1; lastKnownFileType = text.xcconfig; name = "Pods-TestAbstractionTests.release.xcconfig"; path = "Target Support Files/Pods-TestAbstractionTests/Pods-TestAbstractionTests.release.xcconfig"; sourceTree = "<group>"; };
		46FA7E554D50F1C1D3F1E971 /* Pods_TestAbstraction_TestAbstractionUITests.framework */ = {isa = PBXFileReference; explicitFileType = wrapper.framework; includeInIndex = 0; path = Pods_TestAbstraction_TestAbstractionUITests.framework; sourceTree = BUILT_PRODUCTS_DIR; };
		6195378769D22935CAB57A99 /* Pods_TestAbstraction.framework */ = {isa = PBXFileReference; explicitFileType = wrapper.framework; includeInIndex = 0; path = Pods_TestAbstraction.framework; sourceTree = BUILT_PRODUCTS_DIR; };
		70018F4D73A2A74ECA336C89 /* Pods-TestAbstraction.debug.xcconfig */ = {isa = PBXFileReference; includeInIndex = 1; lastKnownFileType = text.xcconfig; name = "Pods-TestAbstraction.debug.xcconfig"; path = "Target Support Files/Pods-TestAbstraction/Pods-TestAbstraction.debug.xcconfig"; sourceTree = "<group>"; };
		7C15ABE8B871C2F68C487CB0 /* Pods_TestAbstractionTests.framework */ = {isa = PBXFileReference; explicitFileType = wrapper.framework; includeInIndex = 0; path = Pods_TestAbstractionTests.framework; sourceTree = BUILT_PRODUCTS_DIR; };
		84D8D7E7B925FF9C5E71760E /* Pods-TestAbstraction.release.xcconfig */ = {isa = PBXFileReference; includeInIndex = 1; lastKnownFileType = text.xcconfig; name = "Pods-TestAbstraction.release.xcconfig"; path = "Target Support Files/Pods-TestAbstraction/Pods-TestAbstraction.release.xcconfig"; sourceTree = "<group>"; };
		D628B0C0ADA7D07F39A36CCF /* Pods-TestAbstraction-TestAbstractionUITests.release.xcconfig */ = {isa = PBXFileReference; includeInIndex = 1; lastKnownFileType = text.xcconfig; name = "Pods-TestAbstraction-TestAbstractionUITests.release.xcconfig"; path = "Target Support Files/Pods-TestAbstraction-TestAbstractionUITests/Pods-TestAbstraction-TestAbstractionUITests.release.xcconfig"; sourceTree = "<group>"; };
/* End PBXFileReference section */

/* Begin PBXFrameworksBuildPhase section */
		26896DF528CEA22C002A4B89 /* Frameworks */ = {
			isa = PBXFrameworksBuildPhase;
			buildActionMask = 2147483647;
			files = (
				CC382C1F2E4C0B30370EC1CA /* Pods_TestAbstraction.framework in Frameworks */,
			);
			runOnlyForDeploymentPostprocessing = 0;
		};
		26896E0B28CEA22D002A4B89 /* Frameworks */ = {
			isa = PBXFrameworksBuildPhase;
			buildActionMask = 2147483647;
			files = (
				6BCFD845BDF76C9157F2BE20 /* Pods_TestAbstractionTests.framework in Frameworks */,
			);
			runOnlyForDeploymentPostprocessing = 0;
		};
/* End PBXFrameworksBuildPhase section */

/* Begin PBXGroup section */
		261BA6BE28D510ED00582765 /* Source */ = {
			isa = PBXGroup;
			children = (
				261BA6C028D511A100582765 /* Flows */,
				261BA6BF28D5115800582765 /* CommonKit */,
				26D77DBF28CEABB900A32EA6 /* Application */,
			);
			path = Source;
			sourceTree = "<group>";
		};
		261BA6BF28D5115800582765 /* CommonKit */ = {
			isa = PBXGroup;
			children = (
				26D77DAE28CEA7DA00A32EA6 /* Network */,
			);
			path = CommonKit;
			sourceTree = "<group>";
		};
		261BA6C028D511A100582765 /* Flows */ = {
			isa = PBXGroup;
			children = (
				261BA6C128D5141900582765 /* WeatherFlow */,
			);
			path = Flows;
			sourceTree = "<group>";
		};
		261BA6C128D5141900582765 /* WeatherFlow */ = {
			isa = PBXGroup;
			children = (
				26896DFF28CEA22C002A4B89 /* ViewController.swift */,
			);
			path = WeatherFlow;
			sourceTree = "<group>";
		};
		261BA6C628D515A200582765 /* Configuration */ = {
			isa = PBXGroup;
			children = (
				26D77DC728CEAD1800A32EA6 /* Configurators */,
				261BA6C728D515BD00582765 /* ServerConfiguration.swift */,
			);
			path = Configuration;
			sourceTree = "<group>";
		};
		261BA6D428F3682A00582765 /* Network */ = {
			isa = PBXGroup;
			children = (
			);
			path = Network;
			sourceTree = "<group>";
		};
		261BA6D728F36B7900582765 /* Router */ = {
			isa = PBXGroup;
			children = (
				261BA6D528F3699000582765 /* Router.swift */,
				261BA6D828F36BEC00582765 /* NavigationConfiguration.swift */,
			);
			path = Router;
			sourceTree = "<group>";
		};
		26896DEF28CEA22C002A4B89 = {
			isa = PBXGroup;
			children = (
				26896DFA28CEA22C002A4B89 /* TestAbstraction */,
				26896E1128CEA22D002A4B89 /* TestAbstractionTests */,
				26896DF928CEA22C002A4B89 /* Products */,
				8FD6D0E19ECD922438CD6009 /* Pods */,
				AB3658DCF4A7AB6E4C50542C /* Frameworks */,
			);
			sourceTree = "<group>";
		};
		26896DF928CEA22C002A4B89 /* Products */ = {
			isa = PBXGroup;
			children = (
				26896DF828CEA22C002A4B89 /* TestAbstraction.app */,
				26896E0E28CEA22D002A4B89 /* TestAbstractionTests.xctest */,
			);
			name = Products;
			sourceTree = "<group>";
		};
		26896DFA28CEA22C002A4B89 /* TestAbstraction */ = {
			isa = PBXGroup;
			children = (
				261BA6BE28D510ED00582765 /* Source */,
				26896E0128CEA22C002A4B89 /* Main.storyboard */,
				26896E0428CEA22D002A4B89 /* Assets.xcassets */,
				26896E0628CEA22D002A4B89 /* LaunchScreen.storyboard */,
				26896E0928CEA22D002A4B89 /* Info.plist */,
			);
			path = TestAbstraction;
			sourceTree = "<group>";
		};
		26896E1128CEA22D002A4B89 /* TestAbstractionTests */ = {
			isa = PBXGroup;
			children = (
				26FE926328D2626F00BB0BA6 /* Application */,
				26896E3528CEA3BE002A4B89 /* Injector */,
				26D77DA728CEA6FE00A32EA6 /* IncludeCommandIdHeaderInterceptorTests+Assembly.swift */,
				26D77DA928CEA70800A32EA6 /* IncludeCommandIdHeaderInterceptorTests.swift */,
				26D77DC528CEACDB00A32EA6 /* TestsAppDelegate.swift */,
			);
			path = TestAbstractionTests;
			sourceTree = "<group>";
		};
		26896E3528CEA3BE002A4B89 /* Injector */ = {
			isa = PBXGroup;
			children = (
				26D77DBA28CEAA9000A32EA6 /* Assemblies */,
				26896E3328CEA391002A4B89 /* AssemblableTestCase.swift */,
				26896E2F28CEA2B0002A4B89 /* InjectableTestCase.swift */,
				26896E2B28CEA245002A4B89 /* TearDownTestCase.swift */,
				26896E2D28CEA27B002A4B89 /* TestCase.swift */,
				26896E3128CEA2ED002A4B89 /* TestInjector.swift */,
				26D77DB828CEAA3000A32EA6 /* TestAssembly.swift */,
			);
			path = Injector;
			sourceTree = "<group>";
		};
		26D77D9728CEA58B00A32EA6 /* Utils */ = {
			isa = PBXGroup;
			children = (
				26D77DAD28CEA78D00A32EA6 /* Injector */,
				26D77DAB28CEA77400A32EA6 /* URL+FromString.swift */,
				261BA6CF28D634DB00582765 /* Presentable.swift */,
			);
			path = Utils;
			sourceTree = "<group>";
		};
		26D77DA228CEA61700A32EA6 /* Protocols */ = {
			isa = PBXGroup;
			children = (
				26D77DA528CEA63400A32EA6 /* Registrable.swift */,
				26D77DA328CEA62300A32EA6 /* Resolvable.swift */,
			);
			path = Protocols;
			sourceTree = "<group>";
		};
		26D77DAD28CEA78D00A32EA6 /* Injector */ = {
			isa = PBXGroup;
			children = (
				26D77D9828CEA59700A32EA6 /* Assembly.swift */,
				26D77D9A28CEA5BC00A32EA6 /* Injected.swift */,
				26D77D9C28CEA5CE00A32EA6 /* Injector.swift */,
				26D77D9E28CEA5E700A32EA6 /* Injector+Registrable.swift */,
				26D77DA028CEA5FE00A32EA6 /* Injector+Resolvable.swift */,
				26D77DA228CEA61700A32EA6 /* Protocols */,
			);
			path = Injector;
			sourceTree = "<group>";
		};
		26D77DAE28CEA7DA00A32EA6 /* Network */ = {
			isa = PBXGroup;
			children = (
				26D77DB228CEA92000A32EA6 /* Request */,
				26D77DB028CEA7FE00A32EA6 /* HTTPHeader.swift */,
				261BA6C228D5146300582765 /* NetworkLogger.swift */,
			);
			path = Network;
			sourceTree = "<group>";
		};
		26D77DB228CEA92000A32EA6 /* Request */ = {
			isa = PBXGroup;
			children = (
				26D77DB328CEA93100A32EA6 /* Interceptors */,
			);
			path = Request;
			sourceTree = "<group>";
		};
		26D77DB328CEA93100A32EA6 /* Interceptors */ = {
			isa = PBXGroup;
			children = (
				26D77DB428CEA93F00A32EA6 /* IncludeCommandIdHeaderInterceptor.swift */,
				26D77DB628CEA95E00A32EA6 /* RequestInterceptor.swift */,
			);
			path = Interceptors;
			sourceTree = "<group>";
		};
		26D77DBA28CEAA9000A32EA6 /* Assemblies */ = {
			isa = PBXGroup;
			children = (
				26D77DBB28CEAA9900A32EA6 /* TestsSessionsAssembly.swift */,
			);
			path = Assemblies;
			sourceTree = "<group>";
		};
		26D77DBF28CEABB900A32EA6 /* Application */ = {
			isa = PBXGroup;
			children = (
				261BA6D728F36B7900582765 /* Router */,
				26896DFB28CEA22C002A4B89 /* AppDelegate.swift */,
				261BA6CB28D6343D00582765 /* Coordinator.swift */,
				26D77DC328CEACC200A32EA6 /* main.swift */,
				26D77DCD28CEB03D00A32EA6 /* WindowBuilder.swift */,
				26D77DC028CEABC800A32EA6 /* Assemblies */,
				261BA6C628D515A200582765 /* Configuration */,
				26D77D9728CEA58B00A32EA6 /* Utils */,
			);
			path = Application;
			sourceTree = "<group>";
		};
		26D77DC028CEABC800A32EA6 /* Assemblies */ = {
			isa = PBXGroup;
			children = (
				26D77DC128CEABD200A32EA6 /* AppAssembly.swift */,
				26FE926128D2624A00BB0BA6 /* BuildersAssembly.swift */,
				261BA6C428D514D000582765 /* ConfiguratorsAssembly.swift */,
			);
			path = Assemblies;
			sourceTree = "<group>";
		};
		26D77DC728CEAD1800A32EA6 /* Configurators */ = {
			isa = PBXGroup;
			children = (
				26D77DC828CEAD2100A32EA6 /* AppConfigurator.swift */,
				26D77DCA28CEAD6100A32EA6 /* AssembliesConfigurator.swift */,
			);
			path = Configurators;
			sourceTree = "<group>";
		};
		26FE926328D2626F00BB0BA6 /* Application */ = {
			isa = PBXGroup;
			children = (
				261BA6D428F3682A00582765 /* Network */,
				26FE926428D2627B00BB0BA6 /* Assemblies */,
			);
			path = Application;
			sourceTree = "<group>";
		};
		26FE926428D2627B00BB0BA6 /* Assemblies */ = {
			isa = PBXGroup;
			children = (
				26FE926728D262BE00BB0BA6 /* AssemblyTests.swift */,
				26FE926528D2628B00BB0BA6 /* BuildersAssemblyTests.swift */,
				261BA6C928D5164500582765 /* ConfiguratorsAssemblyTests.swift */,
			);
			path = Assemblies;
			sourceTree = "<group>";
		};
		8FD6D0E19ECD922438CD6009 /* Pods */ = {
			isa = PBXGroup;
			children = (
				70018F4D73A2A74ECA336C89 /* Pods-TestAbstraction.debug.xcconfig */,
				84D8D7E7B925FF9C5E71760E /* Pods-TestAbstraction.release.xcconfig */,
				389F882DA342F122321638AA /* Pods-TestAbstraction-TestAbstractionUITests.debug.xcconfig */,
				D628B0C0ADA7D07F39A36CCF /* Pods-TestAbstraction-TestAbstractionUITests.release.xcconfig */,
				35A0A26FD7A4BA96442F2513 /* Pods-TestAbstractionTests.debug.xcconfig */,
				46529CD0D4A48BC37EC2BA1F /* Pods-TestAbstractionTests.release.xcconfig */,
			);
			path = Pods;
			sourceTree = "<group>";
		};
		AB3658DCF4A7AB6E4C50542C /* Frameworks */ = {
			isa = PBXGroup;
			children = (
				6195378769D22935CAB57A99 /* Pods_TestAbstraction.framework */,
				46FA7E554D50F1C1D3F1E971 /* Pods_TestAbstraction_TestAbstractionUITests.framework */,
				7C15ABE8B871C2F68C487CB0 /* Pods_TestAbstractionTests.framework */,
			);
			name = Frameworks;
			sourceTree = "<group>";
		};
/* End PBXGroup section */

/* Begin PBXNativeTarget section */
		26896DF728CEA22C002A4B89 /* TestAbstraction */ = {
			isa = PBXNativeTarget;
			buildConfigurationList = 26896E2228CEA22D002A4B89 /* Build configuration list for PBXNativeTarget "TestAbstraction" */;
			buildPhases = (
				11EEF3F31DAF457F4E90660D /* [CP] Check Pods Manifest.lock */,
				26896DF428CEA22C002A4B89 /* Sources */,
				26896DF528CEA22C002A4B89 /* Frameworks */,
				26896DF628CEA22C002A4B89 /* Resources */,
				81AF5C5D59424C1A41095FD8 /* [CP] Embed Pods Frameworks */,
			);
			buildRules = (
			);
			dependencies = (
			);
			name = TestAbstraction;
			productName = TestAbstraction;
			productReference = 26896DF828CEA22C002A4B89 /* TestAbstraction.app */;
			productType = "com.apple.product-type.application";
		};
		26896E0D28CEA22D002A4B89 /* TestAbstractionTests */ = {
			isa = PBXNativeTarget;
			buildConfigurationList = 26896E2528CEA22D002A4B89 /* Build configuration list for PBXNativeTarget "TestAbstractionTests" */;
			buildPhases = (
				FFA191DECBA5E109DAC8BAE7 /* [CP] Check Pods Manifest.lock */,
				26896E0A28CEA22D002A4B89 /* Sources */,
				26896E0B28CEA22D002A4B89 /* Frameworks */,
				26896E0C28CEA22D002A4B89 /* Resources */,
			);
			buildRules = (
			);
			dependencies = (
				26896E1028CEA22D002A4B89 /* PBXTargetDependency */,
			);
			name = TestAbstractionTests;
			productName = TestAbstractionTests;
			productReference = 26896E0E28CEA22D002A4B89 /* TestAbstractionTests.xctest */;
			productType = "com.apple.product-type.bundle.unit-test";
		};
/* End PBXNativeTarget section */

/* Begin PBXProject section */
		26896DF028CEA22C002A4B89 /* Project object */ = {
			isa = PBXProject;
			attributes = {
				BuildIndependentTargetsInParallel = 1;
				LastSwiftUpdateCheck = 1400;
				LastUpgradeCheck = 1400;
				TargetAttributes = {
					26896DF728CEA22C002A4B89 = {
						CreatedOnToolsVersion = 14.0;
					};
					26896E0D28CEA22D002A4B89 = {
						CreatedOnToolsVersion = 14.0;
						TestTargetID = 26896DF728CEA22C002A4B89;
					};
				};
			};
			buildConfigurationList = 26896DF328CEA22C002A4B89 /* Build configuration list for PBXProject "TestAbstraction" */;
			compatibilityVersion = "Xcode 14.0";
			developmentRegion = en;
			hasScannedForEncodings = 0;
			knownRegions = (
				en,
				Base,
			);
			mainGroup = 26896DEF28CEA22C002A4B89;
			productRefGroup = 26896DF928CEA22C002A4B89 /* Products */;
			projectDirPath = "";
			projectRoot = "";
			targets = (
				26896DF728CEA22C002A4B89 /* TestAbstraction */,
				26896E0D28CEA22D002A4B89 /* TestAbstractionTests */,
			);
		};
/* End PBXProject section */

/* Begin PBXResourcesBuildPhase section */
		26896DF628CEA22C002A4B89 /* Resources */ = {
			isa = PBXResourcesBuildPhase;
			buildActionMask = 2147483647;
			files = (
				26896E0828CEA22D002A4B89 /* LaunchScreen.storyboard in Resources */,
				26896E0528CEA22D002A4B89 /* Assets.xcassets in Resources */,
				26896E0328CEA22C002A4B89 /* Main.storyboard in Resources */,
			);
			runOnlyForDeploymentPostprocessing = 0;
		};
		26896E0C28CEA22D002A4B89 /* Resources */ = {
			isa = PBXResourcesBuildPhase;
			buildActionMask = 2147483647;
			files = (
			);
			runOnlyForDeploymentPostprocessing = 0;
		};
/* End PBXResourcesBuildPhase section */

/* Begin PBXShellScriptBuildPhase section */
		11EEF3F31DAF457F4E90660D /* [CP] Check Pods Manifest.lock */ = {
			isa = PBXShellScriptBuildPhase;
			buildActionMask = 2147483647;
			files = (
			);
			inputFileListPaths = (
			);
			inputPaths = (
				"${PODS_PODFILE_DIR_PATH}/Podfile.lock",
				"${PODS_ROOT}/Manifest.lock",
			);
			name = "[CP] Check Pods Manifest.lock";
			outputFileListPaths = (
			);
			outputPaths = (
				"$(DERIVED_FILE_DIR)/Pods-TestAbstraction-checkManifestLockResult.txt",
			);
			runOnlyForDeploymentPostprocessing = 0;
			shellPath = /bin/sh;
			shellScript = "diff \"${PODS_PODFILE_DIR_PATH}/Podfile.lock\" \"${PODS_ROOT}/Manifest.lock\" > /dev/null\nif [ $? != 0 ] ; then\n    # print error to STDERR\n    echo \"error: The sandbox is not in sync with the Podfile.lock. Run 'pod install' or update your CocoaPods installation.\" >&2\n    exit 1\nfi\n# This output is used by Xcode 'outputs' to avoid re-running this script phase.\necho \"SUCCESS\" > \"${SCRIPT_OUTPUT_FILE_0}\"\n";
			showEnvVarsInLog = 0;
		};
		81AF5C5D59424C1A41095FD8 /* [CP] Embed Pods Frameworks */ = {
			isa = PBXShellScriptBuildPhase;
			buildActionMask = 2147483647;
			files = (
			);
			inputFileListPaths = (
			);
			name = "[CP] Embed Pods Frameworks";
			outputFileListPaths = (
			);
			runOnlyForDeploymentPostprocessing = 0;
			shellPath = /bin/sh;
			shellScript = "\"${PODS_ROOT}/Target Support Files/Pods-TestAbstraction/Pods-TestAbstraction-frameworks.sh\"\n";
			showEnvVarsInLog = 0;
		};
		FFA191DECBA5E109DAC8BAE7 /* [CP] Check Pods Manifest.lock */ = {
			isa = PBXShellScriptBuildPhase;
			buildActionMask = 2147483647;
			files = (
			);
			inputFileListPaths = (
			);
			inputPaths = (
				"${PODS_PODFILE_DIR_PATH}/Podfile.lock",
				"${PODS_ROOT}/Manifest.lock",
			);
			name = "[CP] Check Pods Manifest.lock";
			outputFileListPaths = (
			);
			outputPaths = (
				"$(DERIVED_FILE_DIR)/Pods-TestAbstractionTests-checkManifestLockResult.txt",
			);
			runOnlyForDeploymentPostprocessing = 0;
			shellPath = /bin/sh;
			shellScript = "diff \"${PODS_PODFILE_DIR_PATH}/Podfile.lock\" \"${PODS_ROOT}/Manifest.lock\" > /dev/null\nif [ $? != 0 ] ; then\n    # print error to STDERR\n    echo \"error: The sandbox is not in sync with the Podfile.lock. Run 'pod install' or update your CocoaPods installation.\" >&2\n    exit 1\nfi\n# This output is used by Xcode 'outputs' to avoid re-running this script phase.\necho \"SUCCESS\" > \"${SCRIPT_OUTPUT_FILE_0}\"\n";
			showEnvVarsInLog = 0;
		};
/* End PBXShellScriptBuildPhase section */

/* Begin PBXSourcesBuildPhase section */
		26896DF428CEA22C002A4B89 /* Sources */ = {
			isa = PBXSourcesBuildPhase;
			buildActionMask = 2147483647;
			files = (
				261BA6C528D514D000582765 /* ConfiguratorsAssembly.swift in Sources */,
				261BA6C328D5146300582765 /* NetworkLogger.swift in Sources */,
				26D77DB128CEA7FE00A32EA6 /* HTTPHeader.swift in Sources */,
				261BA6D628F3699000582765 /* Router.swift in Sources */,
				26D77DB728CEA95E00A32EA6 /* RequestInterceptor.swift in Sources */,
				26D77D9B28CEA5BC00A32EA6 /* Injected.swift in Sources */,
				26D77DAC28CEA77400A32EA6 /* URL+FromString.swift in Sources */,
				261BA6C828D515BD00582765 /* ServerConfiguration.swift in Sources */,
				26D77DA428CEA62300A32EA6 /* Resolvable.swift in Sources */,
				261BA6CC28D6343D00582765 /* Coordinator.swift in Sources */,
				26D77D9D28CEA5CE00A32EA6 /* Injector.swift in Sources */,
				26896E0028CEA22C002A4B89 /* ViewController.swift in Sources */,
				26FE926228D2624A00BB0BA6 /* BuildersAssembly.swift in Sources */,
				26896DFC28CEA22C002A4B89 /* AppDelegate.swift in Sources */,
				26D77DCB28CEAD6100A32EA6 /* AssembliesConfigurator.swift in Sources */,
				26D77DA128CEA5FE00A32EA6 /* Injector+Resolvable.swift in Sources */,
				26D77DC428CEACC200A32EA6 /* main.swift in Sources */,
				26D77DC928CEAD2100A32EA6 /* AppConfigurator.swift in Sources */,
				26D77DCC28CEAE3200A32EA6 /* TestsAppDelegate.swift in Sources */,
				26D77D9F28CEA5E700A32EA6 /* Injector+Registrable.swift in Sources */,
				26D77DB528CEA93F00A32EA6 /* IncludeCommandIdHeaderInterceptor.swift in Sources */,
				26D77DC228CEABD200A32EA6 /* AppAssembly.swift in Sources */,
				26D77DA628CEA63400A32EA6 /* Registrable.swift in Sources */,
				261BA6D028D634DB00582765 /* Presentable.swift in Sources */,
				261BA6D928F36BEC00582765 /* NavigationConfiguration.swift in Sources */,
				26D77DCE28CEB03D00A32EA6 /* WindowBuilder.swift in Sources */,
				26D77D9928CEA59700A32EA6 /* Assembly.swift in Sources */,
			);
			runOnlyForDeploymentPostprocessing = 0;
		};
		26896E0A28CEA22D002A4B89 /* Sources */ = {
			isa = PBXSourcesBuildPhase;
			buildActionMask = 2147483647;
			files = (
				26D77DBC28CEAA9900A32EA6 /* TestsSessionsAssembly.swift in Sources */,
				26896E3228CEA2ED002A4B89 /* TestInjector.swift in Sources */,
				26896E3028CEA2B0002A4B89 /* InjectableTestCase.swift in Sources */,
				26FE926628D2628B00BB0BA6 /* BuildersAssemblyTests.swift in Sources */,
				261BA6CA28D5164500582765 /* ConfiguratorsAssemblyTests.swift in Sources */,
				26D77DAA28CEA70900A32EA6 /* IncludeCommandIdHeaderInterceptorTests.swift in Sources */,
				26D77DB928CEAA3000A32EA6 /* TestAssembly.swift in Sources */,
				26896E2C28CEA245002A4B89 /* TearDownTestCase.swift in Sources */,
				26896E2E28CEA27B002A4B89 /* TestCase.swift in Sources */,
				26896E3428CEA391002A4B89 /* AssemblableTestCase.swift in Sources */,
				26D77DA828CEA6FE00A32EA6 /* IncludeCommandIdHeaderInterceptorTests+Assembly.swift in Sources */,
				26FE926828D262BE00BB0BA6 /* AssemblyTests.swift in Sources */,
			);
			runOnlyForDeploymentPostprocessing = 0;
		};
/* End PBXSourcesBuildPhase section */

/* Begin PBXTargetDependency section */
		26896E1028CEA22D002A4B89 /* PBXTargetDependency */ = {
			isa = PBXTargetDependency;
			target = 26896DF728CEA22C002A4B89 /* TestAbstraction */;
			targetProxy = 26896E0F28CEA22D002A4B89 /* PBXContainerItemProxy */;
		};
/* End PBXTargetDependency section */

/* Begin PBXVariantGroup section */
		26896E0128CEA22C002A4B89 /* Main.storyboard */ = {
			isa = PBXVariantGroup;
			children = (
				26896E0228CEA22C002A4B89 /* Base */,
			);
			name = Main.storyboard;
			sourceTree = "<group>";
		};
		26896E0628CEA22D002A4B89 /* LaunchScreen.storyboard */ = {
			isa = PBXVariantGroup;
			children = (
				26896E0728CEA22D002A4B89 /* Base */,
			);
			name = LaunchScreen.storyboard;
			sourceTree = "<group>";
		};
/* End PBXVariantGroup section */

/* Begin XCBuildConfiguration section */
		26896E2028CEA22D002A4B89 /* Debug */ = {
			isa = XCBuildConfiguration;
			buildSettings = {
				ALWAYS_SEARCH_USER_PATHS = NO;
				CLANG_ANALYZER_NONNULL = YES;
				CLANG_ANALYZER_NUMBER_OBJECT_CONVERSION = YES_AGGRESSIVE;
				CLANG_CXX_LANGUAGE_STANDARD = "gnu++20";
				CLANG_ENABLE_MODULES = YES;
				CLANG_ENABLE_OBJC_ARC = YES;
				CLANG_ENABLE_OBJC_WEAK = YES;
				CLANG_WARN_BLOCK_CAPTURE_AUTORELEASING = YES;
				CLANG_WARN_BOOL_CONVERSION = YES;
				CLANG_WARN_COMMA = YES;
				CLANG_WARN_CONSTANT_CONVERSION = YES;
				CLANG_WARN_DEPRECATED_OBJC_IMPLEMENTATIONS = YES;
				CLANG_WARN_DIRECT_OBJC_ISA_USAGE = YES_ERROR;
				CLANG_WARN_DOCUMENTATION_COMMENTS = YES;
				CLANG_WARN_EMPTY_BODY = YES;
				CLANG_WARN_ENUM_CONVERSION = YES;
				CLANG_WARN_INFINITE_RECURSION = YES;
				CLANG_WARN_INT_CONVERSION = YES;
				CLANG_WARN_NON_LITERAL_NULL_CONVERSION = YES;
				CLANG_WARN_OBJC_IMPLICIT_RETAIN_SELF = YES;
				CLANG_WARN_OBJC_LITERAL_CONVERSION = YES;
				CLANG_WARN_OBJC_ROOT_CLASS = YES_ERROR;
				CLANG_WARN_QUOTED_INCLUDE_IN_FRAMEWORK_HEADER = YES;
				CLANG_WARN_RANGE_LOOP_ANALYSIS = YES;
				CLANG_WARN_STRICT_PROTOTYPES = YES;
				CLANG_WARN_SUSPICIOUS_MOVE = YES;
				CLANG_WARN_UNGUARDED_AVAILABILITY = YES_AGGRESSIVE;
				CLANG_WARN_UNREACHABLE_CODE = YES;
				CLANG_WARN__DUPLICATE_METHOD_MATCH = YES;
				COPY_PHASE_STRIP = NO;
				DEBUG_INFORMATION_FORMAT = dwarf;
				ENABLE_STRICT_OBJC_MSGSEND = YES;
				ENABLE_TESTABILITY = YES;
				GCC_C_LANGUAGE_STANDARD = gnu11;
				GCC_DYNAMIC_NO_PIC = NO;
				GCC_NO_COMMON_BLOCKS = YES;
				GCC_OPTIMIZATION_LEVEL = 0;
				GCC_PREPROCESSOR_DEFINITIONS = (
					"DEBUG=1",
					"$(inherited)",
				);
				GCC_WARN_64_TO_32_BIT_CONVERSION = YES;
				GCC_WARN_ABOUT_RETURN_TYPE = YES_ERROR;
				GCC_WARN_UNDECLARED_SELECTOR = YES;
				GCC_WARN_UNINITIALIZED_AUTOS = YES_AGGRESSIVE;
				GCC_WARN_UNUSED_FUNCTION = YES;
				GCC_WARN_UNUSED_VARIABLE = YES;
				IPHONEOS_DEPLOYMENT_TARGET = 16.0;
				MTL_ENABLE_DEBUG_INFO = INCLUDE_SOURCE;
				MTL_FAST_MATH = YES;
				ONLY_ACTIVE_ARCH = YES;
				SDKROOT = iphoneos;
				SWIFT_ACTIVE_COMPILATION_CONDITIONS = DEBUG;
				SWIFT_OPTIMIZATION_LEVEL = "-Onone";
			};
			name = Debug;
		};
		26896E2128CEA22D002A4B89 /* Release */ = {
			isa = XCBuildConfiguration;
			buildSettings = {
				ALWAYS_SEARCH_USER_PATHS = NO;
				CLANG_ANALYZER_NONNULL = YES;
				CLANG_ANALYZER_NUMBER_OBJECT_CONVERSION = YES_AGGRESSIVE;
				CLANG_CXX_LANGUAGE_STANDARD = "gnu++20";
				CLANG_ENABLE_MODULES = YES;
				CLANG_ENABLE_OBJC_ARC = YES;
				CLANG_ENABLE_OBJC_WEAK = YES;
				CLANG_WARN_BLOCK_CAPTURE_AUTORELEASING = YES;
				CLANG_WARN_BOOL_CONVERSION = YES;
				CLANG_WARN_COMMA = YES;
				CLANG_WARN_CONSTANT_CONVERSION = YES;
				CLANG_WARN_DEPRECATED_OBJC_IMPLEMENTATIONS = YES;
				CLANG_WARN_DIRECT_OBJC_ISA_USAGE = YES_ERROR;
				CLANG_WARN_DOCUMENTATION_COMMENTS = YES;
				CLANG_WARN_EMPTY_BODY = YES;
				CLANG_WARN_ENUM_CONVERSION = YES;
				CLANG_WARN_INFINITE_RECURSION = YES;
				CLANG_WARN_INT_CONVERSION = YES;
				CLANG_WARN_NON_LITERAL_NULL_CONVERSION = YES;
				CLANG_WARN_OBJC_IMPLICIT_RETAIN_SELF = YES;
				CLANG_WARN_OBJC_LITERAL_CONVERSION = YES;
				CLANG_WARN_OBJC_ROOT_CLASS = YES_ERROR;
				CLANG_WARN_QUOTED_INCLUDE_IN_FRAMEWORK_HEADER = YES;
				CLANG_WARN_RANGE_LOOP_ANALYSIS = YES;
				CLANG_WARN_STRICT_PROTOTYPES = YES;
				CLANG_WARN_SUSPICIOUS_MOVE = YES;
				CLANG_WARN_UNGUARDED_AVAILABILITY = YES_AGGRESSIVE;
				CLANG_WARN_UNREACHABLE_CODE = YES;
				CLANG_WARN__DUPLICATE_METHOD_MATCH = YES;
				COPY_PHASE_STRIP = NO;
				DEBUG_INFORMATION_FORMAT = "dwarf-with-dsym";
				ENABLE_NS_ASSERTIONS = NO;
				ENABLE_STRICT_OBJC_MSGSEND = YES;
				GCC_C_LANGUAGE_STANDARD = gnu11;
				GCC_NO_COMMON_BLOCKS = YES;
				GCC_WARN_64_TO_32_BIT_CONVERSION = YES;
				GCC_WARN_ABOUT_RETURN_TYPE = YES_ERROR;
				GCC_WARN_UNDECLARED_SELECTOR = YES;
				GCC_WARN_UNINITIALIZED_AUTOS = YES_AGGRESSIVE;
				GCC_WARN_UNUSED_FUNCTION = YES;
				GCC_WARN_UNUSED_VARIABLE = YES;
				IPHONEOS_DEPLOYMENT_TARGET = 16.0;
				MTL_ENABLE_DEBUG_INFO = NO;
				MTL_FAST_MATH = YES;
				SDKROOT = iphoneos;
				SWIFT_COMPILATION_MODE = wholemodule;
				SWIFT_OPTIMIZATION_LEVEL = "-O";
				VALIDATE_PRODUCT = YES;
			};
			name = Release;
		};
		26896E2328CEA22D002A4B89 /* Debug */ = {
			isa = XCBuildConfiguration;
			baseConfigurationReference = 70018F4D73A2A74ECA336C89 /* Pods-TestAbstraction.debug.xcconfig */;
			buildSettings = {
				ASSETCATALOG_COMPILER_APPICON_NAME = AppIcon;
				ASSETCATALOG_COMPILER_GLOBAL_ACCENT_COLOR_NAME = AccentColor;
				CODE_SIGN_STYLE = Automatic;
				CURRENT_PROJECT_VERSION = 1;
				DEVELOPMENT_TEAM = 63488H7827;
				GENERATE_INFOPLIST_FILE = YES;
				INFOPLIST_FILE = TestAbstraction/Info.plist;
				INFOPLIST_KEY_UIApplicationSupportsIndirectInputEvents = YES;
				INFOPLIST_KEY_UILaunchStoryboardName = LaunchScreen;
				INFOPLIST_KEY_UIMainStoryboardFile = Main;
				INFOPLIST_KEY_UISupportedInterfaceOrientations_iPad = "UIInterfaceOrientationPortrait UIInterfaceOrientationPortraitUpsideDown UIInterfaceOrientationLandscapeLeft UIInterfaceOrientationLandscapeRight";
				INFOPLIST_KEY_UISupportedInterfaceOrientations_iPhone = "UIInterfaceOrientationPortrait UIInterfaceOrientationLandscapeLeft UIInterfaceOrientationLandscapeRight";
				LD_RUNPATH_SEARCH_PATHS = (
					"$(inherited)",
					"@executable_path/Frameworks",
				);
				MARKETING_VERSION = 1.0;
				PRODUCT_BUNDLE_IDENTIFIER = io.kalisoft.TestAbstraction;
				PRODUCT_NAME = "$(TARGET_NAME)";
				SWIFT_EMIT_LOC_STRINGS = YES;
				SWIFT_VERSION = 5.0;
				TARGETED_DEVICE_FAMILY = "1,2";
			};
			name = Debug;
		};
		26896E2428CEA22D002A4B89 /* Release */ = {
			isa = XCBuildConfiguration;
			baseConfigurationReference = 84D8D7E7B925FF9C5E71760E /* Pods-TestAbstraction.release.xcconfig */;
			buildSettings = {
				ASSETCATALOG_COMPILER_APPICON_NAME = AppIcon;
				ASSETCATALOG_COMPILER_GLOBAL_ACCENT_COLOR_NAME = AccentColor;
				CODE_SIGN_STYLE = Automatic;
				CURRENT_PROJECT_VERSION = 1;
				DEVELOPMENT_TEAM = 63488H7827;
				GENERATE_INFOPLIST_FILE = YES;
				INFOPLIST_FILE = TestAbstraction/Info.plist;
				INFOPLIST_KEY_UIApplicationSupportsIndirectInputEvents = YES;
				INFOPLIST_KEY_UILaunchStoryboardName = LaunchScreen;
				INFOPLIST_KEY_UIMainStoryboardFile = Main;
				INFOPLIST_KEY_UISupportedInterfaceOrientations_iPad = "UIInterfaceOrientationPortrait UIInterfaceOrientationPortraitUpsideDown UIInterfaceOrientationLandscapeLeft UIInterfaceOrientationLandscapeRight";
				INFOPLIST_KEY_UISupportedInterfaceOrientations_iPhone = "UIInterfaceOrientationPortrait UIInterfaceOrientationLandscapeLeft UIInterfaceOrientationLandscapeRight";
				LD_RUNPATH_SEARCH_PATHS = (
					"$(inherited)",
					"@executable_path/Frameworks",
				);
				MARKETING_VERSION = 1.0;
				PRODUCT_BUNDLE_IDENTIFIER = io.kalisoft.TestAbstraction;
				PRODUCT_NAME = "$(TARGET_NAME)";
				SWIFT_EMIT_LOC_STRINGS = YES;
				SWIFT_VERSION = 5.0;
				TARGETED_DEVICE_FAMILY = "1,2";
			};
			name = Release;
		};
		26896E2628CEA22D002A4B89 /* Debug */ = {
			isa = XCBuildConfiguration;
			baseConfigurationReference = 35A0A26FD7A4BA96442F2513 /* Pods-TestAbstractionTests.debug.xcconfig */;
			buildSettings = {
				ALWAYS_EMBED_SWIFT_STANDARD_LIBRARIES = YES;
				BUNDLE_LOADER = "$(TEST_HOST)";
				CODE_SIGN_STYLE = Automatic;
				CURRENT_PROJECT_VERSION = 1;
				DEVELOPMENT_TEAM = 63488H7827;
				GENERATE_INFOPLIST_FILE = YES;
				IPHONEOS_DEPLOYMENT_TARGET = 16.0;
				MARKETING_VERSION = 1.0;
				PRODUCT_BUNDLE_IDENTIFIER = io.kalisoft.TestAbstractionTests;
				PRODUCT_NAME = "$(TARGET_NAME)";
				SWIFT_EMIT_LOC_STRINGS = NO;
				SWIFT_VERSION = 5.0;
				TARGETED_DEVICE_FAMILY = "1,2";
				TEST_HOST = "$(BUILT_PRODUCTS_DIR)/TestAbstraction.app/$(BUNDLE_EXECUTABLE_FOLDER_PATH)/TestAbstraction";
			};
			name = Debug;
		};
		26896E2728CEA22D002A4B89 /* Release */ = {
			isa = XCBuildConfiguration;
			baseConfigurationReference = 46529CD0D4A48BC37EC2BA1F /* Pods-TestAbstractionTests.release.xcconfig */;
			buildSettings = {
				ALWAYS_EMBED_SWIFT_STANDARD_LIBRARIES = YES;
				BUNDLE_LOADER = "$(TEST_HOST)";
				CODE_SIGN_STYLE = Automatic;
				CURRENT_PROJECT_VERSION = 1;
				DEVELOPMENT_TEAM = 63488H7827;
				GENERATE_INFOPLIST_FILE = YES;
				IPHONEOS_DEPLOYMENT_TARGET = 16.0;
				MARKETING_VERSION = 1.0;
				PRODUCT_BUNDLE_IDENTIFIER = io.kalisoft.TestAbstractionTests;
				PRODUCT_NAME = "$(TARGET_NAME)";
				SWIFT_EMIT_LOC_STRINGS = NO;
				SWIFT_VERSION = 5.0;
				TARGETED_DEVICE_FAMILY = "1,2";
				TEST_HOST = "$(BUILT_PRODUCTS_DIR)/TestAbstraction.app/$(BUNDLE_EXECUTABLE_FOLDER_PATH)/TestAbstraction";
			};
			name = Release;
		};
/* End XCBuildConfiguration section */

/* Begin XCConfigurationList section */
		26896DF328CEA22C002A4B89 /* Build configuration list for PBXProject "TestAbstraction" */ = {
			isa = XCConfigurationList;
			buildConfigurations = (
				26896E2028CEA22D002A4B89 /* Debug */,
				26896E2128CEA22D002A4B89 /* Release */,
			);
			defaultConfigurationIsVisible = 0;
			defaultConfigurationName = Release;
		};
		26896E2228CEA22D002A4B89 /* Build configuration list for PBXNativeTarget "TestAbstraction" */ = {
			isa = XCConfigurationList;
			buildConfigurations = (
				26896E2328CEA22D002A4B89 /* Debug */,
				26896E2428CEA22D002A4B89 /* Release */,
			);
			defaultConfigurationIsVisible = 0;
			defaultConfigurationName = Release;
		};
		26896E2528CEA22D002A4B89 /* Build configuration list for PBXNativeTarget "TestAbstractionTests" */ = {
			isa = XCConfigurationList;
			buildConfigurations = (
				26896E2628CEA22D002A4B89 /* Debug */,
				26896E2728CEA22D002A4B89 /* Release */,
			);
			defaultConfigurationIsVisible = 0;
			defaultConfigurationName = Release;
		};
/* End XCConfigurationList section */
	};
	rootObject = 26896DF028CEA22C002A4B89 /* Project object */;
}
